{
  "nodes": {
    "ds": {
      "inputs": {
        "utils": [
          "utils"
        ]
      },
      "locked": {
        "lastModified": 1745390184,
        "narHash": "sha256-gG340P51QWT0OSWsqfNWEomqez8TQYVjLYxYXJTMt5I=",
        "owner": "NewDawn0",
        "repo": "dirStack",
        "rev": "f6486976c1a2f3c2f15e30a0b6028354743bd472",
        "type": "github"
      },
      "original": {
        "owner": "NewDawn0",
        "repo": "dirStack",
        "type": "github"
      }
    },
    "kill-name": {
      "inputs": {
        "utils": [
          "utils"
        ]
      },
      "locked": {
        "lastModified": 1746270651,
        "narHash": "sha256-CtUuTviU0kg31rccuAGWEWsz5IVo3TOH/e+uRfdcNd8=",
        "owner": "NewDawn0",
        "repo": "killName",
        "rev": "b32237e963532e4c1ebdae02516204ed0099d713",
        "type": "github"
      },
      "original": {
        "owner": "NewDawn0",
        "repo": "killName",
        "type": "github"
      }
    },
    "nix-systems": {
      "locked": {
        "lastModified": 1681028828,
        "narHash": "sha256-Vy1rq5AaRuLzOxct8nz4T6wlgyUR7zLU309k9mBC768=",
        "owner": "nix-systems",
        "repo": "default",
        "rev": "da67096a3b9bf56a91d16901293e51ba5b49a27e",
        "type": "github"
      },
      "original": {
        "owner": "nix-systems",
        "repo": "default",
        "type": "github"
      }
    },
    "nixpkgs": {
      "locked": {
        "lastModified": 1745388855,
        "narHash": "sha256-sdyvuJSENo9SCUZ4ltqEQkOKb2L/139wW4h8y1b1pns=",
        "owner": "nixos",
        "repo": "nixpkgs",
        "rev": "d9162776cefcebf70b0cc0e56cf12a4d7e44ef0c",
        "type": "github"
      },
      "original": {
        "owner": "nixos",
        "repo": "nixpkgs",
        "type": "github"
      }
    },
    "pac": {
      "inputs": {
        "utils": [
          "utils"
        ]
      },
      "locked": {
        "lastModified": 1745412249,
        "narHash": "sha256-GlMBrvUdM2f52AVW+mm6tvJmNtoNmtoG7Ks3+2fSis0=",
        "owner": "NewDawn0",
        "repo": "pac",
        "rev": "128097625c64722c6382f687a69a6ae93b8b6122",
        "type": "github"
      },
      "original": {
        "owner": "NewDawn0",
        "repo": "pac",
        "type": "github"
      }
    },
    "root": {
      "inputs": {
        "ds": "ds",
        "kill-name": "kill-name",
        "pac": "pac",
        "tmux-cfg": "tmux-cfg",
        "up": "up",
        "utils": "utils"
      }
    },
    "tmux-cfg": {
      "inputs": {
        "utils": [
          "utils"
        ]
      },
      "locked": {
        "lastModified": 1745390194,
        "narHash": "sha256-ovqyJSraVoCxyTWyUYBAR24d/pRmj5o5K9zc7uhkclI=",
        "owner": "NewDawn0",
        "repo": "tmuxConfig",
        "rev": "b3c29811fbbfc4c58da131f5619d46023b14629b",
        "type": "github"
      },
      "original": {
        "owner": "NewDawn0",
        "repo": "tmuxConfig",
        "type": "github"
      }
    },
    "up": {
      "inputs": {
        "utils": [
          "utils"
        ]
      },
      "locked": {
        "lastModified": 1745390055,
        "narHash": "sha256-i62XeF5yrq4vajUAXvlic0mQsfHtICxF0rt8v43BwzQ=",
        "owner": "NewDawn0",
        "repo": "up",
        "rev": "cf156ba1c68edf7045f43c873295ef9be24867d1",
        "type": "github"
      },
      "original": {
        "owner": "NewDawn0",
        "repo": "up",
        "type": "github"
      }
    },
    "utils": {
      "inputs": {
        "nix-systems": "nix-systems",
        "nixpkgs": "nixpkgs"
      },
      "locked": {
        "lastModified": 1745390014,
        "narHash": "sha256-fRr/v396NBj140H80PdZGdObGP7SLcDw5OKY1BgLSW0=",
        "owner": "NewDawn0",
        "repo": "nixUtils",
        "rev": "a8d08dbc5f64aaecd937e7f434330618f663c779",
        "type": "github"
      },
      "original": {
        "owner": "NewDawn0",
        "repo": "nixUtils",
        "type": "github"
      }
    }
  },
  "root": "root",
  "version": 7
}
