{
  "nodes": {
    "ds": {
      "inputs": {
        "utils": [
          "utils"
        ]
      },
      "locked": {
        "lastModified": 1748415150,
        "narHash": "sha256-iuLnW5bgiJ+v/vawz8gDrfuHHvfglYFTvfI1j4pGBlQ=",
        "owner": "NewDawn0",
        "repo": "dirStack",
        "rev": "a5981c3c8cf0bafe7c1de915da38042f841bc6a6",
        "type": "github"
      },
      "original": {
        "owner": "NewDawn0",
        "repo": "dirStack",
        "type": "github"
      }
    },
    "kill-name": {
      "inputs": {
        "utils": [
          "utils"
        ]
      },
      "locked": {
        "lastModified": 1748350684,
        "narHash": "sha256-Q7sZulsakZt06LGniR4WQhRcafZ0DLTl7uOK7gcmxSo=",
        "owner": "NewDawn0",
        "repo": "killName",
        "rev": "a1845a57b6861159354358ea1fd19a3bfe93e91e",
        "type": "github"
      },
      "original": {
        "owner": "NewDawn0",
        "repo": "killName",
        "type": "github"
      }
    },
    "nix-systems": {
      "locked": {
        "lastModified": 1681028828,
        "narHash": "sha256-Vy1rq5AaRuLzOxct8nz4T6wlgyUR7zLU309k9mBC768=",
        "owner": "nix-systems",
        "repo": "default",
        "rev": "da67096a3b9bf56a91d16901293e51ba5b49a27e",
        "type": "github"
      },
      "original": {
        "owner": "nix-systems",
        "repo": "default",
        "type": "github"
      }
    },
    "nixpkgs": {
      "locked": {
        "lastModified": 1748413977,
        "narHash": "sha256-yVhae+OGBTX2FYUAfj5CPyTZYL8c4ui3BvKj8a896TE=",
        "owner": "nixos",
        "repo": "nixpkgs",
        "rev": "6cefce164ed38a924724749047ccfd891df67515",
        "type": "github"
      },
      "original": {
        "owner": "nixos",
        "repo": "nixpkgs",
        "type": "github"
      }
    },
    "pac": {
      "inputs": {
        "utils": [
          "utils"
        ]
      },
      "locked": {
        "lastModified": 1745412249,
        "narHash": "sha256-GlMBrvUdM2f52AVW+mm6tvJmNtoNmtoG7Ks3+2fSis0=",
        "owner": "NewDawn0",
        "repo": "pac",
        "rev": "128097625c64722c6382f687a69a6ae93b8b6122",
        "type": "github"
      },
      "original": {
        "owner": "NewDawn0",
        "repo": "pac",
        "type": "github"
      }
    },
    "root": {
      "inputs": {
        "ds": "ds",
        "kill-name": "kill-name",
        "pac": "pac",
        "tmux-cfg": "tmux-cfg",
        "up": "up",
        "utils": "utils"
      }
    },
    "tmux-cfg": {
      "inputs": {
        "utils": [
          "utils"
        ]
      },
      "locked": {
        "lastModified": 1748415216,
        "narHash": "sha256-9ZhgsJ9+0hn6HHQDSX2beTeclxf1OafMdLaSamccDt0=",
        "owner": "NewDawn0",
        "repo": "tmuxConfig",
        "rev": "c8ef3659444ad2a4a87e924642fbbd8617553126",
        "type": "github"
      },
      "original": {
        "owner": "NewDawn0",
        "repo": "tmuxConfig",
        "type": "github"
      }
    },
    "up": {
      "inputs": {
        "utils": [
          "utils"
        ]
      },
      "locked": {
        "lastModified": 1748414749,
        "narHash": "sha256-iYGm1T8/NjujxqLJhtOmSVlKFTNhVIqqjQLIQC3ByVY=",
        "owner": "NewDawn0",
        "repo": "up",
        "rev": "8487e509a3c0aaaf686a63160c0efa0f4c3c556b",
        "type": "github"
      },
      "original": {
        "owner": "NewDawn0",
        "repo": "up",
        "type": "github"
      }
    },
    "utils": {
      "inputs": {
        "nix-systems": "nix-systems",
        "nixpkgs": "nixpkgs"
      },
      "locked": {
        "lastModified": 1748414487,
        "narHash": "sha256-fMYIyxKcCC9XgbehjwxmVCpMoH+b/vTJy5Vxi7jbPPw=",
        "owner": "NewDawn0",
        "repo": "nixUtils",
        "rev": "78c6813c5cd70baabf379960d676330d5bfa0c25",
        "type": "github"
      },
      "original": {
        "owner": "NewDawn0",
        "repo": "nixUtils",
        "type": "github"
      }
    }
  },
  "root": "root",
  "version": 7
}
